
Microsoft Visual Studio Solution File, Format Version 12.00
# Visual Studio Version 17
VisualStudioVersion = 17.3.32804.467
MinimumVisualStudioVersion = 10.0.40219.1
Project("{FAE04EC0-301F-11D3-BF4B-00C04F79EFBC}") = "PracticeProblems", "PracticeProblems\PracticeProblems.csproj", "{D09FBDC5-8F64-4B37-A1D6-AC5C97846914}"
EndProject
Global
	GlobalSection(SolutionConfigurationPlatforms) = preSolution
		Debug|Any CPU = Debug|Any CPU
		Release|Any CPU = Release|Any CPU
	EndGlobalSection
	GlobalSection(ProjectConfigurationPlatforms) = postSolution
		{D09FBDC5-8F64-4B37-A1D6-AC5C97846914}.Debug|Any CPU.ActiveCfg = Debug|Any CPU
		{D09FBDC5-8F64-4B37-A1D6-AC5C97846914}.Debug|Any CPU.Build.0 = Debug|Any CPU
		{D09FBDC5-8F64-4B37-A1D6-AC5C97846914}.Release|Any CPU.ActiveCfg = Release|Any CPU
		{D09FBDC5-8F64-4B37-A1D6-AC5C97846914}.Release|Any CPU.Build.0 = Release|Any CPU
	EndGlobalSection
	GlobalSection(SolutionProperties) = preSolution
		HideSolutionNode = FALSE
	EndGlobalSection
	GlobalSection(ExtensibilityGlobals) = postSolution
		SolutionGuid = {691F8C8D-5036-4893-BE0D-C274919B1D1C}
	EndGlobalSection
EndGlobal
